
Microsoft Visual Studio Solution File, Format Version 12.00
# Visual Studio Version 17
VisualStudioVersion = 17.4.33213.308
MinimumVisualStudioVersion = 10.0.40219.1
Project("{FAE04EC0-301F-11D3-BF4B-00C04F79EFBC}") = "DemoAppAgain", "DemoAppAgain\DemoAppAgain.csproj", "{11A773B8-9442-4E2B-B2B2-916728306F59}"
EndProject
Global
	GlobalSection(SolutionConfigurationPlatforms) = preSolution
		Debug|Any CPU = Debug|Any CPU
		Release|Any CPU = Release|Any CPU
	EndGlobalSection
	GlobalSection(ProjectConfigurationPlatforms) = postSolution
		{11A773B8-9442-4E2B-B2B2-916728306F59}.Debug|Any CPU.ActiveCfg = Debug|Any CPU
		{11A773B8-9442-4E2B-B2B2-916728306F59}.Debug|Any CPU.Build.0 = Debug|Any CPU
		{11A773B8-9442-4E2B-B2B2-916728306F59}.Release|Any CPU.ActiveCfg = Release|Any CPU
		{11A773B8-9442-4E2B-B2B2-916728306F59}.Release|Any CPU.Build.0 = Release|Any CPU
	EndGlobalSection
	GlobalSection(SolutionProperties) = preSolution
		HideSolutionNode = FALSE
	EndGlobalSection
	GlobalSection(ExtensibilityGlobals) = postSolution
		SolutionGuid = {2F461C6D-7262-4229-B45E-05063B24FE31}
	EndGlobalSection
EndGlobal
